
Microsoft Visual Studio Solution File, Format Version 12.00
# Visual Studio 15
VisualStudioVersion = 15.0.27428.2037
MinimumVisualStudioVersion = 10.0.40219.1
Project("{FAE04EC0-301F-11D3-BF4B-00C04F79EFBC}") = "webapi", "webapi\webapi.csproj", "{12CCC3A3-874C-49C1-932E-3336F035CEFA}"
EndProject
Global
	GlobalSection(SolutionConfigurationPlatforms) = preSolution
		Debug|Any CPU = Debug|Any CPU
		Release|Any CPU = Release|Any CPU
	EndGlobalSection
	GlobalSection(ProjectConfigurationPlatforms) = postSolution
		{12CCC3A3-874C-49C1-932E-3336F035CEFA}.Debug|Any CPU.ActiveCfg = Debug|Any CPU
		{12CCC3A3-874C-49C1-932E-3336F035CEFA}.Debug|Any CPU.Build.0 = Debug|Any CPU
		{12CCC3A3-874C-49C1-932E-3336F035CEFA}.Release|Any CPU.ActiveCfg = Release|Any CPU
		{12CCC3A3-874C-49C1-932E-3336F035CEFA}.Release|Any CPU.Build.0 = Release|Any CPU
	EndGlobalSection
	GlobalSection(SolutionProperties) = preSolution
		HideSolutionNode = FALSE
	EndGlobalSection
	GlobalSection(ExtensibilityGlobals) = postSolution
		SolutionGuid = {B41087D4-859B-4983-9CE5-61888A2B6361}
	EndGlobalSection
EndGlobal
